
Microsoft Visual Studio Solution File, Format Version 12.00
# Visual Studio Version 16
VisualStudioVersion = 16.0.30611.23
MinimumVisualStudioVersion = 10.0.40219.1
Project("{FAE04EC0-301F-11D3-BF4B-00C04F79EFBC}") = "smp文件解密器", "smp文件解密器\smp文件解密器.csproj", "{0D25F8A7-1E76-417D-A1E5-8BEC57A454BD}"
EndProject
Global
	GlobalSection(SolutionConfigurationPlatforms) = preSolution
		Debug|Any CPU = Debug|Any CPU
		Release|Any CPU = Release|Any CPU
	EndGlobalSection
	GlobalSection(ProjectConfigurationPlatforms) = postSolution
		{0D25F8A7-1E76-417D-A1E5-8BEC57A454BD}.Debug|Any CPU.ActiveCfg = Debug|Any CPU
		{0D25F8A7-1E76-417D-A1E5-8BEC57A454BD}.Debug|Any CPU.Build.0 = Debug|Any CPU
		{0D25F8A7-1E76-417D-A1E5-8BEC57A454BD}.Release|Any CPU.ActiveCfg = Release|Any CPU
		{0D25F8A7-1E76-417D-A1E5-8BEC57A454BD}.Release|Any CPU.Build.0 = Release|Any CPU
	EndGlobalSection
	GlobalSection(SolutionProperties) = preSolution
		HideSolutionNode = FALSE
	EndGlobalSection
	GlobalSection(ExtensibilityGlobals) = postSolution
		SolutionGuid = {955732AB-F1DA-460B-8DB3-8670528E9FAF}
	EndGlobalSection
EndGlobal
